
Microsoft Visual Studio Solution File, Format Version 12.00
# Visual Studio 15
VisualStudioVersion = 15.0.26124.0
MinimumVisualStudioVersion = 15.0.26124.0
Project("{FAE04EC0-301F-11D3-BF4B-00C04F79EFBC}") = "Send", "Send\Send.csproj", "{F207C5F5-B714-4A4A-BF83-A5F792E6546B}"
EndProject
Project("{FAE04EC0-301F-11D3-BF4B-00C04F79EFBC}") = "Worker", "Worker\Worker.csproj", "{FB06656A-03DE-45D2-B9B0-7B919D68E473}"
EndProject
Project("{FAE04EC0-301F-11D3-BF4B-00C04F79EFBC}") = "Receive", "Receive\Receive.csproj", "{ED9FF9E1-BB64-4B98-9FF3-4DE8A5D49B36}"
EndProject
Project("{FAE04EC0-301F-11D3-BF4B-00C04F79EFBC}") = "ReceiveLogs", "ReceiveLogs\ReceiveLogs.csproj", "{13753CE7-053F-4848-BD8F-1A8801ED60F6}"
EndProject
Project("{FAE04EC0-301F-11D3-BF4B-00C04F79EFBC}") = "NewTask", "NewTask\NewTask.csproj", "{3F8EE3C9-0757-4C36-A890-2BC2D21323CA}"
EndProject
Project("{FAE04EC0-301F-11D3-BF4B-00C04F79EFBC}") = "EmitLogs", "EmitLogs\EmitLogs.csproj", "{6B8DEF14-E21C-4C90-B073-61B37B4D4964}"
EndProject
Project("{2150E333-8FDC-42A3-9474-1A3956D46DE8}") = "EasyNetQueue", "EasyNetQueue", "{446FEA87-7DFB-4EE3-B56D-2CF5B31D28FB}"
EndProject
Project("{FAE04EC0-301F-11D3-BF4B-00C04F79EFBC}") = "Publisher", "EasyNetQueue\Publisher\Publisher.csproj", "{3ADB6AE5-10C6-43DB-9B1B-37BDBA56FA9B}"
EndProject
Project("{FAE04EC0-301F-11D3-BF4B-00C04F79EFBC}") = "Subscriber", "EasyNetQueue\Subscriber\Subscriber.csproj", "{AF97431A-FE2F-4DB9-BE68-96C2D5C49756}"
EndProject
Project("{FAE04EC0-301F-11D3-BF4B-00C04F79EFBC}") = "Messages", "EasyNetQueue\Messages\Messages.csproj", "{9C151F2D-5B28-4ED5-874E-168B0BADD7F9}"
EndProject
Global
	GlobalSection(SolutionConfigurationPlatforms) = preSolution
		Debug|Any CPU = Debug|Any CPU
		Debug|x64 = Debug|x64
		Debug|x86 = Debug|x86
		Release|Any CPU = Release|Any CPU
		Release|x64 = Release|x64
		Release|x86 = Release|x86
	EndGlobalSection
	GlobalSection(SolutionProperties) = preSolution
		HideSolutionNode = FALSE
	EndGlobalSection
	GlobalSection(ProjectConfigurationPlatforms) = postSolution
		{F207C5F5-B714-4A4A-BF83-A5F792E6546B}.Debug|Any CPU.ActiveCfg = Debug|Any CPU
		{F207C5F5-B714-4A4A-BF83-A5F792E6546B}.Debug|Any CPU.Build.0 = Debug|Any CPU
		{F207C5F5-B714-4A4A-BF83-A5F792E6546B}.Debug|x64.ActiveCfg = Debug|Any CPU
		{F207C5F5-B714-4A4A-BF83-A5F792E6546B}.Debug|x64.Build.0 = Debug|Any CPU
		{F207C5F5-B714-4A4A-BF83-A5F792E6546B}.Debug|x86.ActiveCfg = Debug|Any CPU
		{F207C5F5-B714-4A4A-BF83-A5F792E6546B}.Debug|x86.Build.0 = Debug|Any CPU
		{F207C5F5-B714-4A4A-BF83-A5F792E6546B}.Release|Any CPU.ActiveCfg = Release|Any CPU
		{F207C5F5-B714-4A4A-BF83-A5F792E6546B}.Release|Any CPU.Build.0 = Release|Any CPU
		{F207C5F5-B714-4A4A-BF83-A5F792E6546B}.Release|x64.ActiveCfg = Release|Any CPU
		{F207C5F5-B714-4A4A-BF83-A5F792E6546B}.Release|x64.Build.0 = Release|Any CPU
		{F207C5F5-B714-4A4A-BF83-A5F792E6546B}.Release|x86.ActiveCfg = Release|Any CPU
		{F207C5F5-B714-4A4A-BF83-A5F792E6546B}.Release|x86.Build.0 = Release|Any CPU
		{FB06656A-03DE-45D2-B9B0-7B919D68E473}.Debug|Any CPU.ActiveCfg = Debug|Any CPU
		{FB06656A-03DE-45D2-B9B0-7B919D68E473}.Debug|Any CPU.Build.0 = Debug|Any CPU
		{FB06656A-03DE-45D2-B9B0-7B919D68E473}.Debug|x64.ActiveCfg = Debug|Any CPU
		{FB06656A-03DE-45D2-B9B0-7B919D68E473}.Debug|x64.Build.0 = Debug|Any CPU
		{FB06656A-03DE-45D2-B9B0-7B919D68E473}.Debug|x86.ActiveCfg = Debug|Any CPU
		{FB06656A-03DE-45D2-B9B0-7B919D68E473}.Debug|x86.Build.0 = Debug|Any CPU
		{FB06656A-03DE-45D2-B9B0-7B919D68E473}.Release|Any CPU.ActiveCfg = Release|Any CPU
		{FB06656A-03DE-45D2-B9B0-7B919D68E473}.Release|Any CPU.Build.0 = Release|Any CPU
		{FB06656A-03DE-45D2-B9B0-7B919D68E473}.Release|x64.ActiveCfg = Release|Any CPU
		{FB06656A-03DE-45D2-B9B0-7B919D68E473}.Release|x64.Build.0 = Release|Any CPU
		{FB06656A-03DE-45D2-B9B0-7B919D68E473}.Release|x86.ActiveCfg = Release|Any CPU
		{FB06656A-03DE-45D2-B9B0-7B919D68E473}.Release|x86.Build.0 = Release|Any CPU
		{ED9FF9E1-BB64-4B98-9FF3-4DE8A5D49B36}.Debug|Any CPU.ActiveCfg = Debug|Any CPU
		{ED9FF9E1-BB64-4B98-9FF3-4DE8A5D49B36}.Debug|Any CPU.Build.0 = Debug|Any CPU
		{ED9FF9E1-BB64-4B98-9FF3-4DE8A5D49B36}.Debug|x64.ActiveCfg = Debug|Any CPU
		{ED9FF9E1-BB64-4B98-9FF3-4DE8A5D49B36}.Debug|x64.Build.0 = Debug|Any CPU
		{ED9FF9E1-BB64-4B98-9FF3-4DE8A5D49B36}.Debug|x86.ActiveCfg = Debug|Any CPU
		{ED9FF9E1-BB64-4B98-9FF3-4DE8A5D49B36}.Debug|x86.Build.0 = Debug|Any CPU
		{ED9FF9E1-BB64-4B98-9FF3-4DE8A5D49B36}.Release|Any CPU.ActiveCfg = Release|Any CPU
		{ED9FF9E1-BB64-4B98-9FF3-4DE8A5D49B36}.Release|Any CPU.Build.0 = Release|Any CPU
		{ED9FF9E1-BB64-4B98-9FF3-4DE8A5D49B36}.Release|x64.ActiveCfg = Release|Any CPU
		{ED9FF9E1-BB64-4B98-9FF3-4DE8A5D49B36}.Release|x64.Build.0 = Release|Any CPU
		{ED9FF9E1-BB64-4B98-9FF3-4DE8A5D49B36}.Release|x86.ActiveCfg = Release|Any CPU
		{ED9FF9E1-BB64-4B98-9FF3-4DE8A5D49B36}.Release|x86.Build.0 = Release|Any CPU
		{13753CE7-053F-4848-BD8F-1A8801ED60F6}.Debug|Any CPU.ActiveCfg = Debug|Any CPU
		{13753CE7-053F-4848-BD8F-1A8801ED60F6}.Debug|Any CPU.Build.0 = Debug|Any CPU
		{13753CE7-053F-4848-BD8F-1A8801ED60F6}.Debug|x64.ActiveCfg = Debug|Any CPU
		{13753CE7-053F-4848-BD8F-1A8801ED60F6}.Debug|x64.Build.0 = Debug|Any CPU
		{13753CE7-053F-4848-BD8F-1A8801ED60F6}.Debug|x86.ActiveCfg = Debug|Any CPU
		{13753CE7-053F-4848-BD8F-1A8801ED60F6}.Debug|x86.Build.0 = Debug|Any CPU
		{13753CE7-053F-4848-BD8F-1A8801ED60F6}.Release|Any CPU.ActiveCfg = Release|Any CPU
		{13753CE7-053F-4848-BD8F-1A8801ED60F6}.Release|Any CPU.Build.0 = Release|Any CPU
		{13753CE7-053F-4848-BD8F-1A8801ED60F6}.Release|x64.ActiveCfg = Release|Any CPU
		{13753CE7-053F-4848-BD8F-1A8801ED60F6}.Release|x64.Build.0 = Release|Any CPU
		{13753CE7-053F-4848-BD8F-1A8801ED60F6}.Release|x86.ActiveCfg = Release|Any CPU
		{13753CE7-053F-4848-BD8F-1A8801ED60F6}.Release|x86.Build.0 = Release|Any CPU
		{3F8EE3C9-0757-4C36-A890-2BC2D21323CA}.Debug|Any CPU.ActiveCfg = Debug|Any CPU
		{3F8EE3C9-0757-4C36-A890-2BC2D21323CA}.Debug|Any CPU.Build.0 = Debug|Any CPU
		{3F8EE3C9-0757-4C36-A890-2BC2D21323CA}.Debug|x64.ActiveCfg = Debug|Any CPU
		{3F8EE3C9-0757-4C36-A890-2BC2D21323CA}.Debug|x64.Build.0 = Debug|Any CPU
		{3F8EE3C9-0757-4C36-A890-2BC2D21323CA}.Debug|x86.ActiveCfg = Debug|Any CPU
		{3F8EE3C9-0757-4C36-A890-2BC2D21323CA}.Debug|x86.Build.0 = Debug|Any CPU
		{3F8EE3C9-0757-4C36-A890-2BC2D21323CA}.Release|Any CPU.ActiveCfg = Release|Any CPU
		{3F8EE3C9-0757-4C36-A890-2BC2D21323CA}.Release|Any CPU.Build.0 = Release|Any CPU
		{3F8EE3C9-0757-4C36-A890-2BC2D21323CA}.Release|x64.ActiveCfg = Release|Any CPU
		{3F8EE3C9-0757-4C36-A890-2BC2D21323CA}.Release|x64.Build.0 = Release|Any CPU
		{3F8EE3C9-0757-4C36-A890-2BC2D21323CA}.Release|x86.ActiveCfg = Release|Any CPU
		{3F8EE3C9-0757-4C36-A890-2BC2D21323CA}.Release|x86.Build.0 = Release|Any CPU
		{6B8DEF14-E21C-4C90-B073-61B37B4D4964}.Debug|Any CPU.ActiveCfg = Debug|Any CPU
		{6B8DEF14-E21C-4C90-B073-61B37B4D4964}.Debug|Any CPU.Build.0 = Debug|Any CPU
		{6B8DEF14-E21C-4C90-B073-61B37B4D4964}.Debug|x64.ActiveCfg = Debug|Any CPU
		{6B8DEF14-E21C-4C90-B073-61B37B4D4964}.Debug|x64.Build.0 = Debug|Any CPU
		{6B8DEF14-E21C-4C90-B073-61B37B4D4964}.Debug|x86.ActiveCfg = Debug|Any CPU
		{6B8DEF14-E21C-4C90-B073-61B37B4D4964}.Debug|x86.Build.0 = Debug|Any CPU
		{6B8DEF14-E21C-4C90-B073-61B37B4D4964}.Release|Any CPU.ActiveCfg = Release|Any CPU
		{6B8DEF14-E21C-4C90-B073-61B37B4D4964}.Release|Any CPU.Build.0 = Release|Any CPU
		{6B8DEF14-E21C-4C90-B073-61B37B4D4964}.Release|x64.ActiveCfg = Release|Any CPU
		{6B8DEF14-E21C-4C90-B073-61B37B4D4964}.Release|x64.Build.0 = Release|Any CPU
		{6B8DEF14-E21C-4C90-B073-61B37B4D4964}.Release|x86.ActiveCfg = Release|Any CPU
		{6B8DEF14-E21C-4C90-B073-61B37B4D4964}.Release|x86.Build.0 = Release|Any CPU
		{3ADB6AE5-10C6-43DB-9B1B-37BDBA56FA9B}.Debug|Any CPU.ActiveCfg = Debug|Any CPU
		{3ADB6AE5-10C6-43DB-9B1B-37BDBA56FA9B}.Debug|Any CPU.Build.0 = Debug|Any CPU
		{3ADB6AE5-10C6-43DB-9B1B-37BDBA56FA9B}.Debug|x64.ActiveCfg = Debug|Any CPU
		{3ADB6AE5-10C6-43DB-9B1B-37BDBA56FA9B}.Debug|x64.Build.0 = Debug|Any CPU
		{3ADB6AE5-10C6-43DB-9B1B-37BDBA56FA9B}.Debug|x86.ActiveCfg = Debug|Any CPU
		{3ADB6AE5-10C6-43DB-9B1B-37BDBA56FA9B}.Debug|x86.Build.0 = Debug|Any CPU
		{3ADB6AE5-10C6-43DB-9B1B-37BDBA56FA9B}.Release|Any CPU.ActiveCfg = Release|Any CPU
		{3ADB6AE5-10C6-43DB-9B1B-37BDBA56FA9B}.Release|Any CPU.Build.0 = Release|Any CPU
		{3ADB6AE5-10C6-43DB-9B1B-37BDBA56FA9B}.Release|x64.ActiveCfg = Release|Any CPU
		{3ADB6AE5-10C6-43DB-9B1B-37BDBA56FA9B}.Release|x64.Build.0 = Release|Any CPU
		{3ADB6AE5-10C6-43DB-9B1B-37BDBA56FA9B}.Release|x86.ActiveCfg = Release|Any CPU
		{3ADB6AE5-10C6-43DB-9B1B-37BDBA56FA9B}.Release|x86.Build.0 = Release|Any CPU
		{AF97431A-FE2F-4DB9-BE68-96C2D5C49756}.Debug|Any CPU.ActiveCfg = Debug|Any CPU
		{AF97431A-FE2F-4DB9-BE68-96C2D5C49756}.Debug|Any CPU.Build.0 = Debug|Any CPU
		{AF97431A-FE2F-4DB9-BE68-96C2D5C49756}.Debug|x64.ActiveCfg = Debug|Any CPU
		{AF97431A-FE2F-4DB9-BE68-96C2D5C49756}.Debug|x64.Build.0 = Debug|Any CPU
		{AF97431A-FE2F-4DB9-BE68-96C2D5C49756}.Debug|x86.ActiveCfg = Debug|Any CPU
		{AF97431A-FE2F-4DB9-BE68-96C2D5C49756}.Debug|x86.Build.0 = Debug|Any CPU
		{AF97431A-FE2F-4DB9-BE68-96C2D5C49756}.Release|Any CPU.ActiveCfg = Release|Any CPU
		{AF97431A-FE2F-4DB9-BE68-96C2D5C49756}.Release|Any CPU.Build.0 = Release|Any CPU
		{AF97431A-FE2F-4DB9-BE68-96C2D5C49756}.Release|x64.ActiveCfg = Release|Any CPU
		{AF97431A-FE2F-4DB9-BE68-96C2D5C49756}.Release|x64.Build.0 = Release|Any CPU
		{AF97431A-FE2F-4DB9-BE68-96C2D5C49756}.Release|x86.ActiveCfg = Release|Any CPU
		{AF97431A-FE2F-4DB9-BE68-96C2D5C49756}.Release|x86.Build.0 = Release|Any CPU
		{9C151F2D-5B28-4ED5-874E-168B0BADD7F9}.Debug|Any CPU.ActiveCfg = Debug|Any CPU
		{9C151F2D-5B28-4ED5-874E-168B0BADD7F9}.Debug|Any CPU.Build.0 = Debug|Any CPU
		{9C151F2D-5B28-4ED5-874E-168B0BADD7F9}.Debug|x64.ActiveCfg = Debug|Any CPU
		{9C151F2D-5B28-4ED5-874E-168B0BADD7F9}.Debug|x64.Build.0 = Debug|Any CPU
		{9C151F2D-5B28-4ED5-874E-168B0BADD7F9}.Debug|x86.ActiveCfg = Debug|Any CPU
		{9C151F2D-5B28-4ED5-874E-168B0BADD7F9}.Debug|x86.Build.0 = Debug|Any CPU
		{9C151F2D-5B28-4ED5-874E-168B0BADD7F9}.Release|Any CPU.ActiveCfg = Release|Any CPU
		{9C151F2D-5B28-4ED5-874E-168B0BADD7F9}.Release|Any CPU.Build.0 = Release|Any CPU
		{9C151F2D-5B28-4ED5-874E-168B0BADD7F9}.Release|x64.ActiveCfg = Release|Any CPU
		{9C151F2D-5B28-4ED5-874E-168B0BADD7F9}.Release|x64.Build.0 = Release|Any CPU
		{9C151F2D-5B28-4ED5-874E-168B0BADD7F9}.Release|x86.ActiveCfg = Release|Any CPU
		{9C151F2D-5B28-4ED5-874E-168B0BADD7F9}.Release|x86.Build.0 = Release|Any CPU
	EndGlobalSection
	GlobalSection(NestedProjects) = preSolution
		{3ADB6AE5-10C6-43DB-9B1B-37BDBA56FA9B} = {446FEA87-7DFB-4EE3-B56D-2CF5B31D28FB}
		{AF97431A-FE2F-4DB9-BE68-96C2D5C49756} = {446FEA87-7DFB-4EE3-B56D-2CF5B31D28FB}
		{9C151F2D-5B28-4ED5-874E-168B0BADD7F9} = {446FEA87-7DFB-4EE3-B56D-2CF5B31D28FB}
	EndGlobalSection
EndGlobal
